
Microsoft Visual Studio Solution File, Format Version 12.00
# Visual Studio Version 17
VisualStudioVersion = 17.2.32616.157
MinimumVisualStudioVersion = 10.0.40219.1
Project("{FAE04EC0-301F-11D3-BF4B-00C04F79EFBC}") = "CosmosSoftware.Identity.UserRoleMgrWebsite", "CosmosSoftware.Identity.UserRoleMgrWebsite\CosmosSoftware.Identity.UserRoleMgrWebsite.csproj", "{24B8212A-0109-4DBA-9BA4-AE229D5FD66E}"
EndProject
Global
	GlobalSection(SolutionConfigurationPlatforms) = preSolution
		Debug|Any CPU = Debug|Any CPU
		Release|Any CPU = Release|Any CPU
	EndGlobalSection
	GlobalSection(ProjectConfigurationPlatforms) = postSolution
		{24B8212A-0109-4DBA-9BA4-AE229D5FD66E}.Debug|Any CPU.ActiveCfg = Debug|Any CPU
		{24B8212A-0109-4DBA-9BA4-AE229D5FD66E}.Debug|Any CPU.Build.0 = Debug|Any CPU
		{24B8212A-0109-4DBA-9BA4-AE229D5FD66E}.Release|Any CPU.ActiveCfg = Release|Any CPU
		{24B8212A-0109-4DBA-9BA4-AE229D5FD66E}.Release|Any CPU.Build.0 = Release|Any CPU
	EndGlobalSection
	GlobalSection(SolutionProperties) = preSolution
		HideSolutionNode = FALSE
	EndGlobalSection
	GlobalSection(ExtensibilityGlobals) = postSolution
		SolutionGuid = {65DE3A6A-8B70-4A1C-8A5E-6F4CD6EFE5A4}
	EndGlobalSection
EndGlobal
